PODS:
  - SQLite.swift (0.12.2):
    - SQLite.swift/standard (= 0.12.2)
  - SQLite.swift/standard (0.12.2)

DEPENDENCIES:
  - SQLite.swift (from `https://github.com/stephencelis/SQLite.swift.git`, branch `master`)

EXTERNAL SOURCES:
  SQLite.swift:
    :branch: master
    :git: https://github.com/stephencelis/SQLite.swift.git

CHECKOUT OPTIONS:
  SQLite.swift:
    :commit: 70fb7af324cb3170d921f135f0c84cbdb6487cc2
    :git: https://github.com/stephencelis/SQLite.swift.git

SPEC CHECKSUMS:
  SQLite.swift: 70f830d00b7ccd59dd634e2177d43f7541066fdc

PODFILE CHECKSUM: e218b6892f05918577ea72cb8c15dc52d2d71d21

COCOAPODS: 1.10.0
